// !$*UTF8*$!
{
	archiveVersion = 1;
	classes = {
	};
	objectVersion = 56;
	objects = {

/* Begin PBXBuildFile section */
		4B37462F29E6F8CA008C1D52 /* SpeakerActiveApp.swift in Sources */ = {isa = PBXBuildFile; fileRef = 4B37462E29E6F8CA008C1D52 /* SpeakerActiveApp.swift */; };
		4B37463129E6F8CA008C1D52 /* ContentView.swift in Sources */ = {isa = PBXBuildFile; fileRef = 4B37463029E6F8CA008C1D52 /* ContentView.swift */; };
		4B37463329E6F8CC008C1D52 /* Assets.xcassets in Resources */ = {isa = PBXBuildFile; fileRef = 4B37463229E6F8CC008C1D52 /* Assets.xcassets */; };
		4B37463629E6F8CC008C1D52 /* Preview Assets.xcassets in Resources */ = {isa = PBXBuildFile; fileRef = 4B37463529E6F8CC008C1D52 /* Preview Assets.xcassets */; };
		4B37464229E8D73A008C1D52 /* TimerController.swift in Sources */ = {isa = PBXBuildFile; fileRef = 4B37464129E8D73A008C1D52 /* TimerController.swift */; };
		4B3A24C829EF4B230090A18C /* AboutView.swift in Sources */ = {isa = PBXBuildFile; fileRef = 4B3A24C729EF4B230090A18C /* AboutView.swift */; };
		4B3A24CE29F1A8190090A18C /* defaulttone.wav in Resources */ = {isa = PBXBuildFile; fileRef = 4B3A24CD29F1A8190090A18C /* defaulttone.wav */; };
		4B3A24D029F213B70090A18C /* ThemeSwitcher.swift in Sources */ = {isa = PBXBuildFile; fileRef = 4B3A24CF29F213B70090A18C /* ThemeSwitcher.swift */; };
		4B44122129EE213D00268FF0 /* GlobalThings.swift in Sources */ = {isa = PBXBuildFile; fileRef = 4B44122029EE213D00268FF0 /* GlobalThings.swift */; };
		4BC54E3A29F86F4000D922E2 /* LaunchAtLogin in Frameworks */ = {isa = PBXBuildFile; productRef = 4BC54E3929F86F4000D922E2 /* LaunchAtLogin */; };
		4BC54E3D29F8A69C00D922E2 /* Sparkle in Frameworks */ = {isa = PBXBuildFile; productRef = 4BC54E3C29F8A69C00D922E2 /* Sparkle */; };
		4BC54E3F29F8AAE600D922E2 /* SparkleUpdater.swift in Sources */ = {isa = PBXBuildFile; fileRef = 4BC54E3E29F8AAE600D922E2 /* SparkleUpdater.swift */; };
/* End PBXBuildFile section */

/* Begin PBXFileReference section */
		4B37462B29E6F8CA008C1D52 /* SpeakerActive.app */ = {isa = PBXFileReference; explicitFileType = wrapper.application; includeInIndex = 0; path = SpeakerActive.app; sourceTree = BUILT_PRODUCTS_DIR; };
		4B37462E29E6F8CA008C1D52 /* SpeakerActiveApp.swift */ = {isa = PBXFileReference; lastKnownFileType = sourcecode.swift; path = SpeakerActiveApp.swift; sourceTree = "<group>"; };
		4B37463029E6F8CA008C1D52 /* ContentView.swift */ = {isa = PBXFileReference; lastKnownFileType = sourcecode.swift; path = ContentView.swift; sourceTree = "<group>"; };
		4B37463229E6F8CC008C1D52 /* Assets.xcassets */ = {isa = PBXFileReference; lastKnownFileType = folder.assetcatalog; path = Assets.xcassets; sourceTree = "<group>"; };
		4B37463529E6F8CC008C1D52 /* Preview Assets.xcassets */ = {isa = PBXFileReference; lastKnownFileType = folder.assetcatalog; path = "Preview Assets.xcassets"; sourceTree = "<group>"; };
		4B37463729E6F8CC008C1D52 /* SpeakerActive.entitlements */ = {isa = PBXFileReference; lastKnownFileType = text.plist.entitlements; path = SpeakerActive.entitlements; sourceTree = "<group>"; };
		4B37464129E8D73A008C1D52 /* TimerController.swift */ = {isa = PBXFileReference; lastKnownFileType = sourcecode.swift; path = TimerController.swift; sourceTree = "<group>"; };
		4B3A24C429EF2D140090A18C /* Info.plist */ = {isa = PBXFileReference; lastKnownFileType = text.plist; path = Info.plist; sourceTree = "<group>"; };
		4B3A24C729EF4B230090A18C /* AboutView.swift */ = {isa = PBXFileReference; lastKnownFileType = sourcecode.swift; path = AboutView.swift; sourceTree = "<group>"; };
		4B3A24CD29F1A8190090A18C /* defaulttone.wav */ = {isa = PBXFileReference; lastKnownFileType = audio.wav; path = defaulttone.wav; sourceTree = "<group>"; };
		4B3A24CF29F213B70090A18C /* ThemeSwitcher.swift */ = {isa = PBXFileReference; lastKnownFileType = sourcecode.swift; path = ThemeSwitcher.swift; sourceTree = "<group>"; };
		4B44122029EE213D00268FF0 /* GlobalThings.swift */ = {isa = PBXFileReference; lastKnownFileType = sourcecode.swift; path = GlobalThings.swift; sourceTree = "<group>"; };
		4BC54E3E29F8AAE600D922E2 /* SparkleUpdater.swift */ = {isa = PBXFileReference; lastKnownFileType = sourcecode.swift; path = SparkleUpdater.swift; sourceTree = "<group>"; };
/* End PBXFileReference section */

/* Begin PBXFrameworksBuildPhase section */
		4B37462829E6F8CA008C1D52 /* Frameworks */ = {
			isa = PBXFrameworksBuildPhase;
			buildActionMask = 2147483647;
			files = (
				4BC54E3A29F86F4000D922E2 /* LaunchAtLogin in Frameworks */,
				4BC54E3D29F8A69C00D922E2 /* Sparkle in Frameworks */,
			);
			runOnlyForDeploymentPostprocessing = 0;
		};
/* End PBXFrameworksBuildPhase section */

/* Begin PBXGroup section */
		4B37462229E6F8CA008C1D52 = {
			isa = PBXGroup;
			children = (
				4B37462D29E6F8CA008C1D52 /* SpeakerActive */,
				4B37462C29E6F8CA008C1D52 /* Products */,
			);
			sourceTree = "<group>";
		};
		4B37462C29E6F8CA008C1D52 /* Products */ = {
			isa = PBXGroup;
			children = (
				4B37462B29E6F8CA008C1D52 /* SpeakerActive.app */,
			);
			name = Products;
			sourceTree = "<group>";
		};
		4B37462D29E6F8CA008C1D52 /* SpeakerActive */ = {
			isa = PBXGroup;
			children = (
				4B3A24C429EF2D140090A18C /* Info.plist */,
				4B37462E29E6F8CA008C1D52 /* SpeakerActiveApp.swift */,
				4B44122029EE213D00268FF0 /* GlobalThings.swift */,
				4B37463029E6F8CA008C1D52 /* ContentView.swift */,
				4B3A24C729EF4B230090A18C /* AboutView.swift */,
				4BC54E3E29F8AAE600D922E2 /* SparkleUpdater.swift */,
				4B37464129E8D73A008C1D52 /* TimerController.swift */,
				4B3A24CF29F213B70090A18C /* ThemeSwitcher.swift */,
				4B3A24CD29F1A8190090A18C /* defaulttone.wav */,
				4B37463229E6F8CC008C1D52 /* Assets.xcassets */,
				4B37463729E6F8CC008C1D52 /* SpeakerActive.entitlements */,
				4B37463429E6F8CC008C1D52 /* Preview Content */,
			);
			path = SpeakerActive;
			sourceTree = "<group>";
		};
		4B37463429E6F8CC008C1D52 /* Preview Content */ = {
			isa = PBXGroup;
			children = (
				4B37463529E6F8CC008C1D52 /* Preview Assets.xcassets */,
			);
			path = "Preview Content";
			sourceTree = "<group>";
		};
/* End PBXGroup section */

/* Begin PBXNativeTarget section */
		4B37462A29E6F8CA008C1D52 /* SpeakerActive */ = {
			isa = PBXNativeTarget;
			buildConfigurationList = 4B37463A29E6F8CC008C1D52 /* Build configuration list for PBXNativeTarget "SpeakerActive" */;
			buildPhases = (
				4B37462729E6F8CA008C1D52 /* Sources */,
				4B37462829E6F8CA008C1D52 /* Frameworks */,
				4B37462929E6F8CA008C1D52 /* Resources */,
			);
			buildRules = (
			);
			dependencies = (
			);
			name = SpeakerActive;
			packageProductDependencies = (
				4BC54E3929F86F4000D922E2 /* LaunchAtLogin */,
				4BC54E3C29F8A69C00D922E2 /* Sparkle */,
			);
			productName = SpeakerWake;
			productReference = 4B37462B29E6F8CA008C1D52 /* SpeakerActive.app */;
			productType = "com.apple.product-type.application";
		};
/* End PBXNativeTarget section */

/* Begin PBXProject section */
		4B37462329E6F8CA008C1D52 /* Project object */ = {
			isa = PBXProject;
			attributes = {
				BuildIndependentTargetsInParallel = 1;
				LastSwiftUpdateCheck = 1430;
				LastUpgradeCheck = 1430;
				TargetAttributes = {
					4B37462A29E6F8CA008C1D52 = {
						CreatedOnToolsVersion = 14.3;
					};
				};
			};
			buildConfigurationList = 4B37462629E6F8CA008C1D52 /* Build configuration list for PBXProject "SpeakerActive" */;
			compatibilityVersion = "Xcode 14.0";
			developmentRegion = en;
			hasScannedForEncodings = 0;
			knownRegions = (
				en,
				Base,
			);
			mainGroup = 4B37462229E6F8CA008C1D52;
			packageReferences = (
				4BC54E3829F86F4000D922E2 /* XCRemoteSwiftPackageReference "LaunchAtLogin-Modern" */,
				4BC54E3B29F8A69C00D922E2 /* XCRemoteSwiftPackageReference "Sparkle" */,
			);
			productRefGroup = 4B37462C29E6F8CA008C1D52 /* Products */;
			projectDirPath = "";
			projectRoot = "";
			targets = (
				4B37462A29E6F8CA008C1D52 /* SpeakerActive */,
			);
		};
/* End PBXProject section */

/* Begin PBXResourcesBuildPhase section */
		4B37462929E6F8CA008C1D52 /* Resources */ = {
			isa = PBXResourcesBuildPhase;
			buildActionMask = 2147483647;
			files = (
				4B37463629E6F8CC008C1D52 /* Preview Assets.xcassets in Resources */,
				4B37463329E6F8CC008C1D52 /* Assets.xcassets in Resources */,
				4B3A24CE29F1A8190090A18C /* defaulttone.wav in Resources */,
			);
			runOnlyForDeploymentPostprocessing = 0;
		};
/* End PBXResourcesBuildPhase section */

/* Begin PBXSourcesBuildPhase section */
		4B37462729E6F8CA008C1D52 /* Sources */ = {
			isa = PBXSourcesBuildPhase;
			buildActionMask = 2147483647;
			files = (
				4B37463129E6F8CA008C1D52 /* ContentView.swift in Sources */,
				4B37464229E8D73A008C1D52 /* TimerController.swift in Sources */,
				4B3A24D029F213B70090A18C /* ThemeSwitcher.swift in Sources */,
				4BC54E3F29F8AAE600D922E2 /* SparkleUpdater.swift in Sources */,
				4B37462F29E6F8CA008C1D52 /* SpeakerActiveApp.swift in Sources */,
				4B44122129EE213D00268FF0 /* GlobalThings.swift in Sources */,
				4B3A24C829EF4B230090A18C /* AboutView.swift in Sources */,
			);
			runOnlyForDeploymentPostprocessing = 0;
		};
/* End PBXSourcesBuildPhase section */

/* Begin XCBuildConfiguration section */
		4B37463829E6F8CC008C1D52 /* Debug */ = {
			isa = XCBuildConfiguration;
			buildSettings = {
				ALWAYS_SEARCH_USER_PATHS = NO;
				CLANG_ANALYZER_NONNULL = YES;
				CLANG_ANALYZER_NUMBER_OBJECT_CONVERSION = YES_AGGRESSIVE;
				CLANG_CXX_LANGUAGE_STANDARD = "gnu++20";
				CLANG_ENABLE_MODULES = YES;
				CLANG_ENABLE_OBJC_ARC = YES;
				CLANG_ENABLE_OBJC_WEAK = YES;
				CLANG_WARN_BLOCK_CAPTURE_AUTORELEASING = YES;
				CLANG_WARN_BOOL_CONVERSION = YES;
				CLANG_WARN_COMMA = YES;
				CLANG_WARN_CONSTANT_CONVERSION = YES;
				CLANG_WARN_DEPRECATED_OBJC_IMPLEMENTATIONS = YES;
				CLANG_WARN_DIRECT_OBJC_ISA_USAGE = YES_ERROR;
				CLANG_WARN_DOCUMENTATION_COMMENTS = YES;
				CLANG_WARN_EMPTY_BODY = YES;
				CLANG_WARN_ENUM_CONVERSION = YES;
				CLANG_WARN_INFINITE_RECURSION = YES;
				CLANG_WARN_INT_CONVERSION = YES;
				CLANG_WARN_NON_LITERAL_NULL_CONVERSION = YES;
				CLANG_WARN_OBJC_IMPLICIT_RETAIN_SELF = YES;
				CLANG_WARN_OBJC_LITERAL_CONVERSION = YES;
				CLANG_WARN_OBJC_ROOT_CLASS = YES_ERROR;
				CLANG_WARN_QUOTED_INCLUDE_IN_FRAMEWORK_HEADER = YES;
				CLANG_WARN_RANGE_LOOP_ANALYSIS = YES;
				CLANG_WARN_STRICT_PROTOTYPES = YES;
				CLANG_WARN_SUSPICIOUS_MOVE = YES;
				CLANG_WARN_UNGUARDED_AVAILABILITY = YES_AGGRESSIVE;
				CLANG_WARN_UNREACHABLE_CODE = YES;
				CLANG_WARN__DUPLICATE_METHOD_MATCH = YES;
				COPY_PHASE_STRIP = NO;
				DEBUG_INFORMATION_FORMAT = dwarf;
				ENABLE_STRICT_OBJC_MSGSEND = YES;
				ENABLE_TESTABILITY = YES;
				GCC_C_LANGUAGE_STANDARD = gnu11;
				GCC_DYNAMIC_NO_PIC = NO;
				GCC_NO_COMMON_BLOCKS = YES;
				GCC_OPTIMIZATION_LEVEL = 0;
				GCC_PREPROCESSOR_DEFINITIONS = (
					"DEBUG=1",
					"$(inherited)",
				);
				GCC_WARN_64_TO_32_BIT_CONVERSION = YES;
				GCC_WARN_ABOUT_RETURN_TYPE = YES_ERROR;
				GCC_WARN_UNDECLARED_SELECTOR = YES;
				GCC_WARN_UNINITIALIZED_AUTOS = YES_AGGRESSIVE;
				GCC_WARN_UNUSED_FUNCTION = YES;
				GCC_WARN_UNUSED_VARIABLE = YES;
				MACOSX_DEPLOYMENT_TARGET = 13.2;
				MTL_ENABLE_DEBUG_INFO = INCLUDE_SOURCE;
				MTL_FAST_MATH = YES;
				ONLY_ACTIVE_ARCH = YES;
				SDKROOT = macosx;
				SWIFT_ACTIVE_COMPILATION_CONDITIONS = DEBUG;
				SWIFT_OPTIMIZATION_LEVEL = "-Onone";
			};
			name = Debug;
		};
		4B37463929E6F8CC008C1D52 /* Release */ = {
			isa = XCBuildConfiguration;
			buildSettings = {
				ALWAYS_SEARCH_USER_PATHS = NO;
				CLANG_ANALYZER_NONNULL = YES;
				CLANG_ANALYZER_NUMBER_OBJECT_CONVERSION = YES_AGGRESSIVE;
				CLANG_CXX_LANGUAGE_STANDARD = "gnu++20";
				CLANG_ENABLE_MODULES = YES;
				CLANG_ENABLE_OBJC_ARC = YES;
				CLANG_ENABLE_OBJC_WEAK = YES;
				CLANG_WARN_BLOCK_CAPTURE_AUTORELEASING = YES;
				CLANG_WARN_BOOL_CONVERSION = YES;
				CLANG_WARN_COMMA = YES;
				CLANG_WARN_CONSTANT_CONVERSION = YES;
				CLANG_WARN_DEPRECATED_OBJC_IMPLEMENTATIONS = YES;
				CLANG_WARN_DIRECT_OBJC_ISA_USAGE = YES_ERROR;
				CLANG_WARN_DOCUMENTATION_COMMENTS = YES;
				CLANG_WARN_EMPTY_BODY = YES;
				CLANG_WARN_ENUM_CONVERSION = YES;
				CLANG_WARN_INFINITE_RECURSION = YES;
				CLANG_WARN_INT_CONVERSION = YES;
				CLANG_WARN_NON_LITERAL_NULL_CONVERSION = YES;
				CLANG_WARN_OBJC_IMPLICIT_RETAIN_SELF = YES;
				CLANG_WARN_OBJC_LITERAL_CONVERSION = YES;
				CLANG_WARN_OBJC_ROOT_CLASS = YES_ERROR;
				CLANG_WARN_QUOTED_INCLUDE_IN_FRAMEWORK_HEADER = YES;
				CLANG_WARN_RANGE_LOOP_ANALYSIS = YES;
				CLANG_WARN_STRICT_PROTOTYPES = YES;
				CLANG_WARN_SUSPICIOUS_MOVE = YES;
				CLANG_WARN_UNGUARDED_AVAILABILITY = YES_AGGRESSIVE;
				CLANG_WARN_UNREACHABLE_CODE = YES;
				CLANG_WARN__DUPLICATE_METHOD_MATCH = YES;
				COPY_PHASE_STRIP = NO;
				DEBUG_INFORMATION_FORMAT = "dwarf-with-dsym";
				ENABLE_NS_ASSERTIONS = NO;
				ENABLE_STRICT_OBJC_MSGSEND = YES;
				GCC_C_LANGUAGE_STANDARD = gnu11;
				GCC_NO_COMMON_BLOCKS = YES;
				GCC_WARN_64_TO_32_BIT_CONVERSION = YES;
				GCC_WARN_ABOUT_RETURN_TYPE = YES_ERROR;
				GCC_WARN_UNDECLARED_SELECTOR = YES;
				GCC_WARN_UNINITIALIZED_AUTOS = YES_AGGRESSIVE;
				GCC_WARN_UNUSED_FUNCTION = YES;
				GCC_WARN_UNUSED_VARIABLE = YES;
				MACOSX_DEPLOYMENT_TARGET = 13.2;
				MTL_ENABLE_DEBUG_INFO = NO;
				MTL_FAST_MATH = YES;
				SDKROOT = macosx;
				SWIFT_COMPILATION_MODE = wholemodule;
				SWIFT_OPTIMIZATION_LEVEL = "-O";
			};
			name = Release;
		};
		4B37463B29E6F8CC008C1D52 /* Debug */ = {
			isa = XCBuildConfiguration;
			buildSettings = {
				ASSETCATALOG_COMPILER_APPICON_NAME = AppIcon;
				ASSETCATALOG_COMPILER_GLOBAL_ACCENT_COLOR_NAME = AccentColor;
				CODE_SIGN_ENTITLEMENTS = SpeakerActive/SpeakerActive.entitlements;
				"CODE_SIGN_IDENTITY[sdk=macosx*]" = "Apple Development";
				CODE_SIGN_STYLE = Automatic;
				COMBINE_HIDPI_IMAGES = YES;
				CURRENT_PROJECT_VERSION = 2.0.0;
				DEVELOPMENT_ASSET_PATHS = "\"SpeakerActive/Preview Content\"";
				DEVELOPMENT_TEAM = 98TV5UC6HN;
				ENABLE_HARDENED_RUNTIME = YES;
				ENABLE_PREVIEWS = YES;
				GENERATE_INFOPLIST_FILE = YES;
				INFOPLIST_FILE = SpeakerActive/Info.plist;
				INFOPLIST_KEY_CFBundleDisplayName = SpeakerActive;
				INFOPLIST_KEY_LSApplicationCategoryType = "public.app-category.utilities";
				INFOPLIST_KEY_LSUIElement = YES;
				INFOPLIST_KEY_NSHumanReadableCopyright = "";
				LD_RUNPATH_SEARCH_PATHS = (
					"$(inherited)",
					"@executable_path/../Frameworks",
				);
				MACOSX_DEPLOYMENT_TARGET = 13.0;
				MARKETING_VERSION = 2.0;
				PRODUCT_BUNDLE_IDENTIFIER = com.harri.SpeakerActive;
				PRODUCT_NAME = "$(TARGET_NAME)";
				SWIFT_EMIT_LOC_STRINGS = YES;
				SWIFT_VERSION = 5.0;
			};
			name = Debug;
		};
		4B37463C29E6F8CC008C1D52 /* Release */ = {
			isa = XCBuildConfiguration;
			buildSettings = {
				ASSETCATALOG_COMPILER_APPICON_NAME = AppIcon;
				ASSETCATALOG_COMPILER_GLOBAL_ACCENT_COLOR_NAME = AccentColor;
				CODE_SIGN_ENTITLEMENTS = SpeakerActive/SpeakerActive.entitlements;
				"CODE_SIGN_IDENTITY[sdk=macosx*]" = "Apple Development";
				CODE_SIGN_STYLE = Automatic;
				COMBINE_HIDPI_IMAGES = YES;
				CURRENT_PROJECT_VERSION = 2.0.0;
				DEVELOPMENT_ASSET_PATHS = "\"SpeakerActive/Preview Content\"";
				DEVELOPMENT_TEAM = 98TV5UC6HN;
				ENABLE_HARDENED_RUNTIME = YES;
				ENABLE_PREVIEWS = YES;
				GENERATE_INFOPLIST_FILE = YES;
				INFOPLIST_FILE = SpeakerActive/Info.plist;
				INFOPLIST_KEY_CFBundleDisplayName = SpeakerActive;
				INFOPLIST_KEY_LSApplicationCategoryType = "public.app-category.utilities";
				INFOPLIST_KEY_LSUIElement = YES;
				INFOPLIST_KEY_NSHumanReadableCopyright = "";
				LD_RUNPATH_SEARCH_PATHS = (
					"$(inherited)",
					"@executable_path/../Frameworks",
				);
				MACOSX_DEPLOYMENT_TARGET = 13.0;
				MARKETING_VERSION = 2.0;
				PRODUCT_BUNDLE_IDENTIFIER = com.harri.SpeakerActive;
				PRODUCT_NAME = "$(TARGET_NAME)";
				SWIFT_EMIT_LOC_STRINGS = YES;
				SWIFT_VERSION = 5.0;
			};
			name = Release;
		};
/* End XCBuildConfiguration section */

/* Begin XCConfigurationList section */
		4B37462629E6F8CA008C1D52 /* Build configuration list for PBXProject "SpeakerActive" */ = {
			isa = XCConfigurationList;
			buildConfigurations = (
				4B37463829E6F8CC008C1D52 /* Debug */,
				4B37463929E6F8CC008C1D52 /* Release */,
			);
			defaultConfigurationIsVisible = 0;
			defaultConfigurationName = Release;
		};
		4B37463A29E6F8CC008C1D52 /* Build configuration list for PBXNativeTarget "SpeakerActive" */ = {
			isa = XCConfigurationList;
			buildConfigurations = (
				4B37463B29E6F8CC008C1D52 /* Debug */,
				4B37463C29E6F8CC008C1D52 /* Release */,
			);
			defaultConfigurationIsVisible = 0;
			defaultConfigurationName = Release;
		};
/* End XCConfigurationList section */

/* Begin XCRemoteSwiftPackageReference section */
		4BC54E3829F86F4000D922E2 /* XCRemoteSwiftPackageReference "LaunchAtLogin-Modern" */ = {
			isa = XCRemoteSwiftPackageReference;
			repositoryURL = "https://github.com/sindresorhus/LaunchAtLogin-Modern";
			requirement = {
				branch = main;
				kind = branch;
			};
		};
		4BC54E3B29F8A69C00D922E2 /* XCRemoteSwiftPackageReference "Sparkle" */ = {
			isa = XCRemoteSwiftPackageReference;
			repositoryURL = "https://github.com/sparkle-project/Sparkle";
			requirement = {
				kind = upToNextMajorVersion;
				minimumVersion = 2.0.0;
			};
		};
/* End XCRemoteSwiftPackageReference section */

/* Begin XCSwiftPackageProductDependency section */
		4BC54E3929F86F4000D922E2 /* LaunchAtLogin */ = {
			isa = XCSwiftPackageProductDependency;
			package = 4BC54E3829F86F4000D922E2 /* XCRemoteSwiftPackageReference "LaunchAtLogin-Modern" */;
			productName = LaunchAtLogin;
		};
		4BC54E3C29F8A69C00D922E2 /* Sparkle */ = {
			isa = XCSwiftPackageProductDependency;
			package = 4BC54E3B29F8A69C00D922E2 /* XCRemoteSwiftPackageReference "Sparkle" */;
			productName = Sparkle;
		};
/* End XCSwiftPackageProductDependency section */
	};
	rootObject = 4B37462329E6F8CA008C1D52 /* Project object */;
}
